
Microsoft Visual Studio Solution File, Format Version 12.00
# Visual Studio Version 17
VisualStudioVersion = 17.5.2.0
MinimumVisualStudioVersion = 10.0.40219.1
Project("{FAE04EC0-301F-11D3-BF4B-00C04F79EFBC}") = "fitmongerapi", "fitmongerapi\fitmongerapi.csproj", "{7246B5C5-CC29-9F5F-D5FB-54D96FF4566A}"
EndProject
Project("{FAE04EC0-301F-11D3-BF4B-00C04F79EFBC}") = "fitmongerdb", "fitmongerdb\fitmongerdb.csproj", "{6F4B58C2-61E7-43BD-A8CE-96A06F62AC23}"
EndProject
Global
	GlobalSection(SolutionConfigurationPlatforms) = preSolution
		Debug|Any CPU = Debug|Any CPU
		Debug|x64 = Debug|x64
		Debug|x86 = Debug|x86
		Release|Any CPU = Release|Any CPU
		Release|x64 = Release|x64
		Release|x86 = Release|x86
	EndGlobalSection
	GlobalSection(ProjectConfigurationPlatforms) = postSolution
		{7246B5C5-CC29-9F5F-D5FB-54D96FF4566A}.Debug|Any CPU.ActiveCfg = Debug|Any CPU
		{7246B5C5-CC29-9F5F-D5FB-54D96FF4566A}.Debug|Any CPU.Build.0 = Debug|Any CPU
		{7246B5C5-CC29-9F5F-D5FB-54D96FF4566A}.Debug|x64.ActiveCfg = Debug|Any CPU
		{7246B5C5-CC29-9F5F-D5FB-54D96FF4566A}.Debug|x64.Build.0 = Debug|Any CPU
		{7246B5C5-CC29-9F5F-D5FB-54D96FF4566A}.Debug|x86.ActiveCfg = Debug|Any CPU
		{7246B5C5-CC29-9F5F-D5FB-54D96FF4566A}.Debug|x86.Build.0 = Debug|Any CPU
		{7246B5C5-CC29-9F5F-D5FB-54D96FF4566A}.Release|Any CPU.ActiveCfg = Release|Any CPU
		{7246B5C5-CC29-9F5F-D5FB-54D96FF4566A}.Release|Any CPU.Build.0 = Release|Any CPU
		{7246B5C5-CC29-9F5F-D5FB-54D96FF4566A}.Release|x64.ActiveCfg = Release|Any CPU
		{7246B5C5-CC29-9F5F-D5FB-54D96FF4566A}.Release|x64.Build.0 = Release|Any CPU
		{7246B5C5-CC29-9F5F-D5FB-54D96FF4566A}.Release|x86.ActiveCfg = Release|Any CPU
		{7246B5C5-CC29-9F5F-D5FB-54D96FF4566A}.Release|x86.Build.0 = Release|Any CPU
		{6F4B58C2-61E7-43BD-A8CE-96A06F62AC23}.Debug|Any CPU.ActiveCfg = Debug|Any CPU
		{6F4B58C2-61E7-43BD-A8CE-96A06F62AC23}.Debug|Any CPU.Build.0 = Debug|Any CPU
		{6F4B58C2-61E7-43BD-A8CE-96A06F62AC23}.Debug|x64.ActiveCfg = Debug|Any CPU
		{6F4B58C2-61E7-43BD-A8CE-96A06F62AC23}.Debug|x64.Build.0 = Debug|Any CPU
		{6F4B58C2-61E7-43BD-A8CE-96A06F62AC23}.Debug|x86.ActiveCfg = Debug|Any CPU
		{6F4B58C2-61E7-43BD-A8CE-96A06F62AC23}.Debug|x86.Build.0 = Debug|Any CPU
		{6F4B58C2-61E7-43BD-A8CE-96A06F62AC23}.Release|Any CPU.ActiveCfg = Release|Any CPU
		{6F4B58C2-61E7-43BD-A8CE-96A06F62AC23}.Release|Any CPU.Build.0 = Release|Any CPU
		{6F4B58C2-61E7-43BD-A8CE-96A06F62AC23}.Release|x64.ActiveCfg = Release|Any CPU
		{6F4B58C2-61E7-43BD-A8CE-96A06F62AC23}.Release|x64.Build.0 = Release|Any CPU
		{6F4B58C2-61E7-43BD-A8CE-96A06F62AC23}.Release|x86.ActiveCfg = Release|Any CPU
		{6F4B58C2-61E7-43BD-A8CE-96A06F62AC23}.Release|x86.Build.0 = Release|Any CPU
	EndGlobalSection
	GlobalSection(SolutionProperties) = preSolution
		HideSolutionNode = FALSE
	EndGlobalSection
	GlobalSection(ExtensibilityGlobals) = postSolution
		SolutionGuid = {BE1C52FC-C534-4BC6-8F7B-47CAF3C153C7}
	EndGlobalSection
EndGlobal
